
Microsoft Visual Studio Solution File, Format Version 12.00
# Visual Studio 15
VisualStudioVersion = 15.0.27004.2009
MinimumVisualStudioVersion = 10.0.40219.1
Project("{FAE04EC0-301F-11D3-BF4B-00C04F79EFBC}") = "Capoala.MVVM", "Capoala.MVVM\Capoala.MVVM.csproj", "{E9E5C251-3486-49A2-BB8E-7A4DC1EBC2DA}"
EndProject
Project("{FAE04EC0-301F-11D3-BF4B-00C04F79EFBC}") = "WPF Test", "WPF Test\WPF Test.csproj", "{5B5894B2-4B13-424F-8636-07145AF1FEDA}"
EndProject
Global
	GlobalSection(SolutionConfigurationPlatforms) = preSolution
		Debug|Any CPU = Debug|Any CPU
		Release|Any CPU = Release|Any CPU
	EndGlobalSection
	GlobalSection(ProjectConfigurationPlatforms) = postSolution
		{E9E5C251-3486-49A2-BB8E-7A4DC1EBC2DA}.Debug|Any CPU.ActiveCfg = Debug|Any CPU
		{E9E5C251-3486-49A2-BB8E-7A4DC1EBC2DA}.Debug|Any CPU.Build.0 = Debug|Any CPU
		{E9E5C251-3486-49A2-BB8E-7A4DC1EBC2DA}.Release|Any CPU.ActiveCfg = Release|Any CPU
		{E9E5C251-3486-49A2-BB8E-7A4DC1EBC2DA}.Release|Any CPU.Build.0 = Release|Any CPU
		{5B5894B2-4B13-424F-8636-07145AF1FEDA}.Debug|Any CPU.ActiveCfg = Debug|Any CPU
		{5B5894B2-4B13-424F-8636-07145AF1FEDA}.Debug|Any CPU.Build.0 = Debug|Any CPU
		{5B5894B2-4B13-424F-8636-07145AF1FEDA}.Release|Any CPU.ActiveCfg = Release|Any CPU
		{5B5894B2-4B13-424F-8636-07145AF1FEDA}.Release|Any CPU.Build.0 = Release|Any CPU
	EndGlobalSection
	GlobalSection(SolutionProperties) = preSolution
		HideSolutionNode = FALSE
	EndGlobalSection
	GlobalSection(ExtensibilityGlobals) = postSolution
		SolutionGuid = {7E09E3E8-23EC-464A-A940-AE3F342EF758}
	EndGlobalSection
EndGlobal
